
Microsoft Visual Studio Solution File, Format Version 12.00
# Visual Studio Version 17
VisualStudioVersion = 17.8.34330.188
MinimumVisualStudioVersion = 10.0.40219.1
Project("{9A19103F-16F7-4668-BE54-9A1E7A4F7556}") = "DataMover.Core", "DataMover.Core\DataMover.Core.csproj", "{3FCAC4B8-770D-41DC-A4AB-437A5BF9B8CE}"
EndProject
Project("{9A19103F-16F7-4668-BE54-9A1E7A4F7556}") = "DataMover.Basics", "DataMover.Basics\DataMover.Basics.csproj", "{8AC20245-ABA9-4019-8F09-527D362E5270}"
EndProject
Project("{9A19103F-16F7-4668-BE54-9A1E7A4F7556}") = "DataMover", "DataMover\DataMover.csproj", "{B31DCCE6-6CD6-4BC2-915C-BB4AD4B59756}"
	ProjectSection(ProjectDependencies) = postProject
		{8AC20245-ABA9-4019-8F09-527D362E5270} = {8AC20245-ABA9-4019-8F09-527D362E5270}
	EndProjectSection
EndProject
Project("{9A19103F-16F7-4668-BE54-9A1E7A4F7556}") = "PluginTester", "PluginTester\PluginTester.csproj", "{7EAFD1E0-626B-4974-A8FF-E66E105CF507}"
EndProject
Project("{2150E333-8FDC-42A3-9474-1A3956D46DE8}") = ".repofiles", ".repofiles", "{C7B83293-BDA2-4200-879C-F9E1C558534E}"
	ProjectSection(SolutionItems) = preProject
		BuildAndPublish.ps1 = BuildAndPublish.ps1
		CommitNewVersion.ps1 = CommitNewVersion.ps1
		LICENSE = LICENSE
		README.md = README.md
		Release.ps1 = Release.ps1
	EndProjectSection
EndProject
Project("{2150E333-8FDC-42A3-9474-1A3956D46DE8}") = "Wrappers", "Wrappers", "{D5770A32-31D7-42E9-8E4F-A8A665156C36}"
	ProjectSection(SolutionItems) = preProject
		Wrappers\DataMover.ps1 = Wrappers\DataMover.ps1
		Wrappers\DataMover.py = Wrappers\DataMover.py
		Wrappers\Test.ps1 = Wrappers\Test.ps1
		Wrappers\Test.py = Wrappers\Test.py
	EndProjectSection
EndProject
Global
	GlobalSection(SolutionConfigurationPlatforms) = preSolution
		Debug|Any CPU = Debug|Any CPU
		Release|Any CPU = Release|Any CPU
	EndGlobalSection
	GlobalSection(ProjectConfigurationPlatforms) = postSolution
		{3FCAC4B8-770D-41DC-A4AB-437A5BF9B8CE}.Debug|Any CPU.ActiveCfg = Debug|Any CPU
		{3FCAC4B8-770D-41DC-A4AB-437A5BF9B8CE}.Debug|Any CPU.Build.0 = Debug|Any CPU
		{3FCAC4B8-770D-41DC-A4AB-437A5BF9B8CE}.Release|Any CPU.ActiveCfg = Release|Any CPU
		{3FCAC4B8-770D-41DC-A4AB-437A5BF9B8CE}.Release|Any CPU.Build.0 = Release|Any CPU
		{8AC20245-ABA9-4019-8F09-527D362E5270}.Debug|Any CPU.ActiveCfg = Debug|Any CPU
		{8AC20245-ABA9-4019-8F09-527D362E5270}.Debug|Any CPU.Build.0 = Debug|Any CPU
		{8AC20245-ABA9-4019-8F09-527D362E5270}.Release|Any CPU.ActiveCfg = Release|Any CPU
		{8AC20245-ABA9-4019-8F09-527D362E5270}.Release|Any CPU.Build.0 = Release|Any CPU
		{B31DCCE6-6CD6-4BC2-915C-BB4AD4B59756}.Debug|Any CPU.ActiveCfg = Debug|Any CPU
		{B31DCCE6-6CD6-4BC2-915C-BB4AD4B59756}.Debug|Any CPU.Build.0 = Debug|Any CPU
		{B31DCCE6-6CD6-4BC2-915C-BB4AD4B59756}.Release|Any CPU.ActiveCfg = Release|Any CPU
		{B31DCCE6-6CD6-4BC2-915C-BB4AD4B59756}.Release|Any CPU.Build.0 = Release|Any CPU
		{7EAFD1E0-626B-4974-A8FF-E66E105CF507}.Debug|Any CPU.ActiveCfg = Debug|Any CPU
		{7EAFD1E0-626B-4974-A8FF-E66E105CF507}.Debug|Any CPU.Build.0 = Debug|Any CPU
		{7EAFD1E0-626B-4974-A8FF-E66E105CF507}.Release|Any CPU.ActiveCfg = Release|Any CPU
		{7EAFD1E0-626B-4974-A8FF-E66E105CF507}.Release|Any CPU.Build.0 = Release|Any CPU
	EndGlobalSection
	GlobalSection(SolutionProperties) = preSolution
		HideSolutionNode = FALSE
	EndGlobalSection
	GlobalSection(ExtensibilityGlobals) = postSolution
		SolutionGuid = {0F3C80D5-5049-4105-A730-00C9BEB0AD4D}
	EndGlobalSection
EndGlobal
